[[package]]
name = "debugpy"
version = "1.6.3"
description = "An implementation of the Debug Adapter Protocol for Python"
category = "dev"
optional = false
python-versions = ">=3.7"

[[package]]
name = "jedi"
version = "0.18.1"
description = "An autocompletion tool for Python that can be used for text editors."
category = "dev"
optional = false
python-versions = ">=3.6"

[package.dependencies]
parso = ">=0.8.0,<0.9.0"

[package.extras]
qa = ["flake8 (==3.8.3)", "mypy (==0.782)"]
testing = ["Django (<3.1)", "colorama", "docopt", "pytest (<7.0.0)"]

[[package]]
name = "parso"
version = "0.8.3"
description = "A Python Parser"
category = "dev"
optional = false
python-versions = ">=3.6"

[package.extras]
qa = ["flake8 (==3.8.3)", "mypy (==0.782)"]
testing = ["docopt", "pytest (<6.0.0)"]

[[package]]
name = "pluggy"
version = "1.0.0"
description = "plugin and hook calling mechanisms for python"
category = "dev"
optional = false
python-versions = ">=3.6"

[package.extras]
testing = ["pytest-benchmark", "pytest"]
dev = ["tox", "pre-commit"]

[[package]]
name = "python-lsp-jsonrpc"
version = "1.0.0"
description = "JSON RPC 2.0 server library"
category = "dev"
optional = false
python-versions = "*"

[package.dependencies]
ujson = ">=3.0.0"

[package.extras]
test = ["coverage", "pytest-cov", "pytest", "pyflakes", "pycodestyle", "pylint"]

[[package]]
name = "python-lsp-server"
version = "1.5.0"
description = "Python Language Server for the Language Server Protocol"
category = "dev"
optional = false
python-versions = ">=3.7"

[package.dependencies]
jedi = ">=0.17.2,<0.19.0"
pluggy = ">=1.0.0"
python-lsp-jsonrpc = ">=1.0.0"
ujson = ">=3.0.0"

[package.extras]
yapf = ["whatthepatch (>=1.0.2,<2.0.0)", "yapf"]
websockets = ["websockets (>=10.3)"]
test = ["flaky", "pyqt5", "matplotlib", "pandas", "numpy (<1.23)", "coverage", "pytest-cov", "pytest", "pylint (>=2.5.0)"]
rope = ["rope (>0.10.5)"]
pylint = ["pylint (>=2.5.0)"]
pyflakes = ["pyflakes (>=2.4.0,<2.5.0)"]
pydocstyle = ["pydocstyle (>=2.0.0)"]
pycodestyle = ["pycodestyle (>=2.8.0,<2.9.0)"]
mccabe = ["mccabe (>=0.6.0,<0.7.0)"]
flake8 = ["flake8 (>=4.0.0,<4.1.0)"]
autopep8 = ["autopep8 (>=1.6.0,<1.7.0)"]
all = ["whatthepatch", "yapf", "rope (>=0.10.5)", "pylint (>=2.5.0)", "pyflakes (>=2.4.0,<2.5.0)", "pydocstyle (>=2.0.0)", "pycodestyle (>=2.8.0,<2.9.0)", "mccabe (>=0.6.0,<0.7.0)", "flake8 (>=4.0.0,<4.1.0)", "autopep8 (>=1.6.0,<1.7.0)"]

[[package]]
name = "ujson"
version = "5.4.0"
description = "Ultra fast JSON encoder and decoder for Python"
category = "dev"
optional = false
python-versions = ">=3.7"

[metadata]
lock-version = "1.1"
python-versions = ">=3.8.0,<3.9"
content-hash = "5e83a7e94e2d5beeac3123190d732699a7338d3e35217b8aabe981c5a155572c"

[metadata.files]
debugpy = []
jedi = []
parso = []
pluggy = []
python-lsp-jsonrpc = []
python-lsp-server = []
ujson = []
